
Microsoft Visual Studio Solution File, Format Version 12.00
# Visual Studio Version 17
VisualStudioVersion = 17.9.34723.18
MinimumVisualStudioVersion = 10.0.40219.1
Project("{FAE04EC0-301F-11D3-BF4B-00C04F79EFBC}") = "TimeTCP", "TimeTCP.csproj", "{FB20C174-BB52-49E8-8C7F-65A407A57CCB}"
EndProject
Project("{FAE04EC0-301F-11D3-BF4B-00C04F79EFBC}") = "Server", "..\13ap\Server\Server.csproj", "{D86FEF41-7AC7-4A23-AF7E-6037942A6092}"
EndProject
Global
	GlobalSection(SolutionConfigurationPlatforms) = preSolution
		Debug|Any CPU = Debug|Any CPU
		Release|Any CPU = Release|Any CPU
	EndGlobalSection
	GlobalSection(ProjectConfigurationPlatforms) = postSolution
		{FB20C174-BB52-49E8-8C7F-65A407A57CCB}.Debug|Any CPU.ActiveCfg = Debug|Any CPU
		{FB20C174-BB52-49E8-8C7F-65A407A57CCB}.Debug|Any CPU.Build.0 = Debug|Any CPU
		{FB20C174-BB52-49E8-8C7F-65A407A57CCB}.Release|Any CPU.ActiveCfg = Release|Any CPU
		{FB20C174-BB52-49E8-8C7F-65A407A57CCB}.Release|Any CPU.Build.0 = Release|Any CPU
		{D86FEF41-7AC7-4A23-AF7E-6037942A6092}.Debug|Any CPU.ActiveCfg = Debug|Any CPU
		{D86FEF41-7AC7-4A23-AF7E-6037942A6092}.Debug|Any CPU.Build.0 = Debug|Any CPU
		{D86FEF41-7AC7-4A23-AF7E-6037942A6092}.Release|Any CPU.ActiveCfg = Release|Any CPU
		{D86FEF41-7AC7-4A23-AF7E-6037942A6092}.Release|Any CPU.Build.0 = Release|Any CPU
	EndGlobalSection
	GlobalSection(SolutionProperties) = preSolution
		HideSolutionNode = FALSE
	EndGlobalSection
	GlobalSection(ExtensibilityGlobals) = postSolution
		SolutionGuid = {BC793A6F-89B9-4BB2-A133-033089660635}
	EndGlobalSection
EndGlobal
